
Microsoft Visual Studio Solution File, Format Version 12.00
# Visual Studio Version 16
VisualStudioVersion = 16.0.29613.14
MinimumVisualStudioVersion = 10.0.40219.1
Project("{FAE04EC0-301F-11D3-BF4B-00C04F79EFBC}") = "certificacao-csharp-pt1", "certificacao-csharp-pt1\certificacao-csharp-pt1.csproj", "{77A70540-3F27-46F9-BD92-C54A53195C37}"
EndProject
Project("{9A19103F-16F7-4668-BE54-9A1E7A4F7556}") = "certificacao-csharp-pt3", "certificacao-csharp-pt3\certificacao-csharp-pt3.csproj", "{AD994074-C62C-418F-96C2-02204D193F6D}"
EndProject
Project("{9A19103F-16F7-4668-BE54-9A1E7A4F7556}") = "certificacao-csharp-pt4", "certificacao-csharp-pt4\certificacao-csharp-pt4.csproj", "{0B494DBB-FFF1-4847-8CF2-A6020B4D992A}"
EndProject
Project("{9A19103F-16F7-4668-BE54-9A1E7A4F7556}") = "Curso.Arquitetura.Menu", "Curso.Arquitetura.Menu\Curso.Arquitetura.Menu.csproj", "{4B4BF028-F094-4362-ADD5-536CC36B2E18}"
EndProject
Project("{9A19103F-16F7-4668-BE54-9A1E7A4F7556}") = "certificacao-csharp-pt5", "certificacao-csharp-pt5\certificacao-csharp-pt5.csproj", "{8B7207C2-4146-4BF1-A615-193BB6C79FA7}"
EndProject
Project("{9A19103F-16F7-4668-BE54-9A1E7A4F7556}") = "certificacao-csharp-pt6", "certificacao-csharp-pt6\certificacao-csharp-pt6.csproj", "{76B9F51B-73B8-43A5-ACA3-28CBB40B8237}"
EndProject
Project("{9A19103F-16F7-4668-BE54-9A1E7A4F7556}") = "certificacao-csharp-pt7", "certificacao-csharp-pt7\certificacao-csharp-pt7.csproj", "{2557D12E-F5E7-4F39-8C1E-05CD029E2528}"
EndProject
Project("{9A19103F-16F7-4668-BE54-9A1E7A4F7556}") = "certificacao-csharp-pt8", "certificacao-csharp-pt8\certificacao-csharp-pt8.csproj", "{9E1B86AE-6CB3-4374-8575-BDE4CBEB248B}"
EndProject
Project("{2150E333-8FDC-42A3-9474-1A3956D46DE8}") = "certificacao-csharp-pt9", "certificacao-csharp-pt9", "{131BCE7E-9F2E-4C6A-8E96-357AB45506BB}"
EndProject
Project("{9A19103F-16F7-4668-BE54-9A1E7A4F7556}") = "certificacao-csharp-pt9-console", "certificacao-csharp-pt9-console\certificacao-csharp-pt9-console.csproj", "{70FD10E5-18F0-40E8-A176-400089C84612}"
EndProject
Project("{9A19103F-16F7-4668-BE54-9A1E7A4F7556}") = "certificacao-csharp-pt9-dados", "certificacao-csharp-pt9-dados\certificacao-csharp-pt9-dados.csproj", "{B22EEDE4-6AB3-4F5C-9E33-0A3C92AD95C9}"
EndProject
Project("{FAE04EC0-301F-11D3-BF4B-00C04F79EFBC}") = "certificacao-csharp-pt10", "certificacao-csharp-pt10\certificacao-csharp-pt10.csproj", "{4CE3F8D9-476B-47FD-888D-0701A33AF549}"
EndProject
Global
	GlobalSection(SolutionConfigurationPlatforms) = preSolution
		Debug|Any CPU = Debug|Any CPU
		Release|Any CPU = Release|Any CPU
	EndGlobalSection
	GlobalSection(ProjectConfigurationPlatforms) = postSolution
		{77A70540-3F27-46F9-BD92-C54A53195C37}.Debug|Any CPU.ActiveCfg = Debug|Any CPU
		{77A70540-3F27-46F9-BD92-C54A53195C37}.Debug|Any CPU.Build.0 = Debug|Any CPU
		{77A70540-3F27-46F9-BD92-C54A53195C37}.Release|Any CPU.ActiveCfg = Release|Any CPU
		{77A70540-3F27-46F9-BD92-C54A53195C37}.Release|Any CPU.Build.0 = Release|Any CPU
		{AD994074-C62C-418F-96C2-02204D193F6D}.Debug|Any CPU.ActiveCfg = Debug|Any CPU
		{AD994074-C62C-418F-96C2-02204D193F6D}.Debug|Any CPU.Build.0 = Debug|Any CPU
		{AD994074-C62C-418F-96C2-02204D193F6D}.Release|Any CPU.ActiveCfg = Release|Any CPU
		{AD994074-C62C-418F-96C2-02204D193F6D}.Release|Any CPU.Build.0 = Release|Any CPU
		{0B494DBB-FFF1-4847-8CF2-A6020B4D992A}.Debug|Any CPU.ActiveCfg = Debug|Any CPU
		{0B494DBB-FFF1-4847-8CF2-A6020B4D992A}.Debug|Any CPU.Build.0 = Debug|Any CPU
		{0B494DBB-FFF1-4847-8CF2-A6020B4D992A}.Release|Any CPU.ActiveCfg = Release|Any CPU
		{0B494DBB-FFF1-4847-8CF2-A6020B4D992A}.Release|Any CPU.Build.0 = Release|Any CPU
		{4B4BF028-F094-4362-ADD5-536CC36B2E18}.Debug|Any CPU.ActiveCfg = Debug|Any CPU
		{4B4BF028-F094-4362-ADD5-536CC36B2E18}.Debug|Any CPU.Build.0 = Debug|Any CPU
		{4B4BF028-F094-4362-ADD5-536CC36B2E18}.Release|Any CPU.ActiveCfg = Release|Any CPU
		{4B4BF028-F094-4362-ADD5-536CC36B2E18}.Release|Any CPU.Build.0 = Release|Any CPU
		{8B7207C2-4146-4BF1-A615-193BB6C79FA7}.Debug|Any CPU.ActiveCfg = Debug|Any CPU
		{8B7207C2-4146-4BF1-A615-193BB6C79FA7}.Debug|Any CPU.Build.0 = Debug|Any CPU
		{8B7207C2-4146-4BF1-A615-193BB6C79FA7}.Release|Any CPU.ActiveCfg = Release|Any CPU
		{8B7207C2-4146-4BF1-A615-193BB6C79FA7}.Release|Any CPU.Build.0 = Release|Any CPU
		{76B9F51B-73B8-43A5-ACA3-28CBB40B8237}.Debug|Any CPU.ActiveCfg = Debug|Any CPU
		{76B9F51B-73B8-43A5-ACA3-28CBB40B8237}.Debug|Any CPU.Build.0 = Debug|Any CPU
		{76B9F51B-73B8-43A5-ACA3-28CBB40B8237}.Release|Any CPU.ActiveCfg = Release|Any CPU
		{76B9F51B-73B8-43A5-ACA3-28CBB40B8237}.Release|Any CPU.Build.0 = Release|Any CPU
		{2557D12E-F5E7-4F39-8C1E-05CD029E2528}.Debug|Any CPU.ActiveCfg = Debug|Any CPU
		{2557D12E-F5E7-4F39-8C1E-05CD029E2528}.Debug|Any CPU.Build.0 = Debug|Any CPU
		{2557D12E-F5E7-4F39-8C1E-05CD029E2528}.Release|Any CPU.ActiveCfg = Release|Any CPU
		{2557D12E-F5E7-4F39-8C1E-05CD029E2528}.Release|Any CPU.Build.0 = Release|Any CPU
		{9E1B86AE-6CB3-4374-8575-BDE4CBEB248B}.Debug|Any CPU.ActiveCfg = Debug|Any CPU
		{9E1B86AE-6CB3-4374-8575-BDE4CBEB248B}.Debug|Any CPU.Build.0 = Debug|Any CPU
		{9E1B86AE-6CB3-4374-8575-BDE4CBEB248B}.Release|Any CPU.ActiveCfg = Release|Any CPU
		{9E1B86AE-6CB3-4374-8575-BDE4CBEB248B}.Release|Any CPU.Build.0 = Release|Any CPU
		{70FD10E5-18F0-40E8-A176-400089C84612}.Debug|Any CPU.ActiveCfg = Debug|Any CPU
		{70FD10E5-18F0-40E8-A176-400089C84612}.Debug|Any CPU.Build.0 = Debug|Any CPU
		{70FD10E5-18F0-40E8-A176-400089C84612}.Release|Any CPU.ActiveCfg = Release|Any CPU
		{70FD10E5-18F0-40E8-A176-400089C84612}.Release|Any CPU.Build.0 = Release|Any CPU
		{B22EEDE4-6AB3-4F5C-9E33-0A3C92AD95C9}.Debug|Any CPU.ActiveCfg = Debug|Any CPU
		{B22EEDE4-6AB3-4F5C-9E33-0A3C92AD95C9}.Debug|Any CPU.Build.0 = Debug|Any CPU
		{B22EEDE4-6AB3-4F5C-9E33-0A3C92AD95C9}.Release|Any CPU.ActiveCfg = Release|Any CPU
		{B22EEDE4-6AB3-4F5C-9E33-0A3C92AD95C9}.Release|Any CPU.Build.0 = Release|Any CPU
		{4CE3F8D9-476B-47FD-888D-0701A33AF549}.Debug|Any CPU.ActiveCfg = Debug|Any CPU
		{4CE3F8D9-476B-47FD-888D-0701A33AF549}.Debug|Any CPU.Build.0 = Debug|Any CPU
		{4CE3F8D9-476B-47FD-888D-0701A33AF549}.Release|Any CPU.ActiveCfg = Release|Any CPU
		{4CE3F8D9-476B-47FD-888D-0701A33AF549}.Release|Any CPU.Build.0 = Release|Any CPU
	EndGlobalSection
	GlobalSection(SolutionProperties) = preSolution
		HideSolutionNode = FALSE
	EndGlobalSection
	GlobalSection(NestedProjects) = preSolution
		{70FD10E5-18F0-40E8-A176-400089C84612} = {131BCE7E-9F2E-4C6A-8E96-357AB45506BB}
		{B22EEDE4-6AB3-4F5C-9E33-0A3C92AD95C9} = {131BCE7E-9F2E-4C6A-8E96-357AB45506BB}
	EndGlobalSection
	GlobalSection(ExtensibilityGlobals) = postSolution
		SolutionGuid = {92FDAE5A-C946-4B56-A3E0-C22CB0C7EB2D}
	EndGlobalSection
EndGlobal
